
Microsoft Visual Studio Solution File, Format Version 12.00
# Visual Studio 2012
Project("{FAE04EC0-301F-11D3-BF4B-00C04F79EFBC}") = "Blog.WebUI", "Blog.WebUI\Blog.WebUI.csproj", "{ACF2ECD4-2852-44DD-9032-ADB84807A55F}"
EndProject
Project("{FAE04EC0-301F-11D3-BF4B-00C04F79EFBC}") = "Blog.Dal", "Blog.Dal\Blog.Dal.csproj", "{B429648B-A75D-4997-83F1-3DA3F04D7568}"
EndProject
Project("{FAE04EC0-301F-11D3-BF4B-00C04F79EFBC}") = "Blog.Enyities", "Blog.Enyities\Blog.Enyities.csproj", "{AA99A8A6-BB28-40B8-B418-D74F6EB3829D}"
EndProject
Global
	GlobalSection(SolutionConfigurationPlatforms) = preSolution
		Debug|Any CPU = Debug|Any CPU
		Release|Any CPU = Release|Any CPU
	EndGlobalSection
	GlobalSection(ProjectConfigurationPlatforms) = postSolution
		{ACF2ECD4-2852-44DD-9032-ADB84807A55F}.Debug|Any CPU.ActiveCfg = Debug|Any CPU
		{ACF2ECD4-2852-44DD-9032-ADB84807A55F}.Debug|Any CPU.Build.0 = Debug|Any CPU
		{ACF2ECD4-2852-44DD-9032-ADB84807A55F}.Release|Any CPU.ActiveCfg = Release|Any CPU
		{ACF2ECD4-2852-44DD-9032-ADB84807A55F}.Release|Any CPU.Build.0 = Release|Any CPU
		{B429648B-A75D-4997-83F1-3DA3F04D7568}.Debug|Any CPU.ActiveCfg = Debug|Any CPU
		{B429648B-A75D-4997-83F1-3DA3F04D7568}.Debug|Any CPU.Build.0 = Debug|Any CPU
		{B429648B-A75D-4997-83F1-3DA3F04D7568}.Release|Any CPU.ActiveCfg = Release|Any CPU
		{B429648B-A75D-4997-83F1-3DA3F04D7568}.Release|Any CPU.Build.0 = Release|Any CPU
		{AA99A8A6-BB28-40B8-B418-D74F6EB3829D}.Debug|Any CPU.ActiveCfg = Debug|Any CPU
		{AA99A8A6-BB28-40B8-B418-D74F6EB3829D}.Debug|Any CPU.Build.0 = Debug|Any CPU
		{AA99A8A6-BB28-40B8-B418-D74F6EB3829D}.Release|Any CPU.ActiveCfg = Release|Any CPU
		{AA99A8A6-BB28-40B8-B418-D74F6EB3829D}.Release|Any CPU.Build.0 = Release|Any CPU
	EndGlobalSection
	GlobalSection(SolutionProperties) = preSolution
		HideSolutionNode = FALSE
	EndGlobalSection
EndGlobal
